PODS:
  - "app_settings (3.0.0+1)":
    - Flutter
  - AppAuth (1.3.0):
    - AppAuth/Core (= 1.3.0)
    - AppAuth/ExternalUserAgent (= 1.3.0)
  - AppAuth/Core (1.3.0)
  - AppAuth/ExternalUserAgent (1.3.0)
  - apple_sign_in (0.0.1):
    - Flutter
  - connectivity (0.0.1):
    - Flutter
    - Reachability
  - connectivity_macos (0.0.1):
    - Flutter
  - facebook_audience_network (0.0.1):
    - Flutter
  - FBSDKCoreKit (5.15.1):
    - FBSDKCoreKit/Basics (= 5.15.1)
    - FBSDKCoreKit/Core (= 5.15.1)
  - FBSDKCoreKit/Basics (5.15.1)
  - FBSDKCoreKit/Core (5.15.1):
    - FBSDKCoreKit/Basics
  - FBSDKLoginKit (5.15.1):
    - FBSDKLoginKit/Login (= 5.15.1)
  - FBSDKLoginKit/Login (5.15.1):
    - FBSDKCoreKit (~> 5.0)
  - Firebase/AdMob (6.16.0):
    - Firebase/CoreOnly
    - Google-Mobile-Ads-SDK (~> 7.50)
  - Firebase/Analytics (6.16.0):
    - Firebase/Core
  - Firebase/Auth (6.16.0):
    - Firebase/CoreOnly
    - FirebaseAuth (~> 6.4.3)
  - Firebase/Core (6.16.0):
    - Firebase/CoreOnly
    - FirebaseAnalytics (= 6.2.2)
  - Firebase/CoreOnly (6.16.0):
    - FirebaseCore (= 6.6.1)
  - Firebase/Database (6.16.0):
    - Firebase/CoreOnly
    - FirebaseDatabase (~> 6.1.4)
  - Firebase/Messaging (6.16.0):
    - Firebase/CoreOnly
    - FirebaseMessaging (~> 4.2.0)
  - firebase_admob (0.0.1):
    - Firebase/AdMob
    - Firebase/Core
    - Flutter
  - firebase_analytics (0.0.1):
    - Firebase/Analytics (~> 6.0)
    - Firebase/Core
    - Flutter
  - firebase_auth (0.0.1):
    - Firebase/Auth (~> 6.3)
    - Firebase/Core
    - Flutter
  - firebase_auth_web (0.1.0):
    - Flutter
  - firebase_core (0.0.1):
    - Firebase/Core
    - Flutter
  - firebase_core_web (0.1.0):
    - Flutter
  - firebase_database (0.0.1):
    - Firebase/Database
    - Flutter
  - firebase_messaging (0.0.1):
    - Firebase/Core
    - Firebase/Messaging
    - Flutter
  - FirebaseAnalytics (6.2.2):
    - FirebaseCore (~> 6.6)
    - FirebaseInstanceID (~> 4.3)
    - GoogleAppMeasurement (= 6.2.2)
    - GoogleUtilities/AppDelegateSwizzler (~> 6.0)
    - GoogleUtilities/MethodSwizzler (~> 6.0)
    - GoogleUtilities/Network (~> 6.0)
    - "GoogleUtilities/NSData+zlib (~> 6.0)"
    - nanopb (= 0.3.9011)
  - FirebaseAnalyticsInterop (1.5.0)
  - FirebaseAuth (6.4.3):
    - FirebaseAuthInterop (~> 1.0)
    - FirebaseCore (~> 6.6)
    - GoogleUtilities/AppDelegateSwizzler (~> 6.5)
    - GoogleUtilities/Environment (~> 6.5)
    - GTMSessionFetcher/Core (~> 1.1)
  - FirebaseAuthInterop (1.0.0)
  - FirebaseCore (6.6.1):
    - FirebaseCoreDiagnostics (~> 1.2)
    - FirebaseCoreDiagnosticsInterop (~> 1.2)
    - GoogleUtilities/Environment (~> 6.5)
    - GoogleUtilities/Logger (~> 6.5)
  - FirebaseCoreDiagnostics (1.2.0):
    - FirebaseCoreDiagnosticsInterop (~> 1.2)
    - GoogleDataTransportCCTSupport (~> 1.3)
    - GoogleUtilities/Environment (~> 6.5)
    - GoogleUtilities/Logger (~> 6.5)
    - nanopb (~> 0.3.901)
  - FirebaseCoreDiagnosticsInterop (1.2.0)
  - FirebaseDatabase (6.1.4):
    - FirebaseAuthInterop (~> 1.0)
    - FirebaseCore (~> 6.0)
    - leveldb-library (~> 1.22)
  - FirebaseInstallations (1.1.0):
    - FirebaseCore (~> 6.6)
    - GoogleUtilities/UserDefaults (~> 6.5)
    - PromisesObjC (~> 1.2)
  - FirebaseInstanceID (4.3.2):
    - FirebaseCore (~> 6.6)
    - FirebaseInstallations (~> 1.0)
    - GoogleUtilities/Environment (~> 6.5)
    - GoogleUtilities/UserDefaults (~> 6.5)
  - FirebaseMessaging (4.2.0):
    - FirebaseAnalyticsInterop (~> 1.5)
    - FirebaseCore (~> 6.6)
    - FirebaseInstanceID (~> 4.3)
    - GoogleUtilities/AppDelegateSwizzler (~> 6.5)
    - GoogleUtilities/Environment (~> 6.5)
    - GoogleUtilities/Reachability (~> 6.5)
    - GoogleUtilities/UserDefaults (~> 6.5)
    - Protobuf (>= 3.9.2, ~> 3.9)
  - Flutter (1.0.0)
  - flutter_facebook_login (0.0.1):
    - FBSDKCoreKit (~> 5.5)
    - FBSDKLoginKit (~> 5.5)
    - Flutter
  - flutter_keyboard_visibility (0.7.0):
    - Flutter
  - flutter_plugin_android_lifecycle (0.0.1):
    - Flutter
  - flutter_statusbarcolor (0.0.1):
    - Flutter
  - flutter_webview_plugin (0.0.1):
    - Flutter
  - FMDB (2.7.5):
    - FMDB/standard (= 2.7.5)
  - FMDB/standard (2.7.5)
  - Google-Mobile-Ads-SDK (7.55.0):
    - GoogleAppMeasurement (~> 6.0)
  - google_maps_flutter (0.0.1):
    - Flutter
    - GoogleMaps
  - google_sign_in (0.0.1):
    - Flutter
    - GoogleSignIn (~> 5.0)
  - google_sign_in_web (0.8.1):
    - Flutter
  - GoogleAppMeasurement (6.2.2):
    - GoogleUtilities/AppDelegateSwizzler (~> 6.0)
    - GoogleUtilities/MethodSwizzler (~> 6.0)
    - GoogleUtilities/Network (~> 6.0)
    - "GoogleUtilities/NSData+zlib (~> 6.0)"
    - nanopb (= 0.3.9011)
  - GoogleDataTransport (3.3.1)
  - GoogleDataTransportCCTSupport (1.3.1):
    - GoogleDataTransport (~> 3.3)
    - nanopb (~> 0.3.901)
  - GoogleMaps (3.7.0):
    - GoogleMaps/Maps (= 3.7.0)
  - GoogleMaps/Base (3.7.0)
  - GoogleMaps/Maps (3.7.0):
    - GoogleMaps/Base
  - GoogleSignIn (5.0.2):
    - AppAuth (~> 1.2)
    - GTMAppAuth (~> 1.0)
    - GTMSessionFetcher/Core (~> 1.1)
  - GoogleUtilities/AppDelegateSwizzler (6.5.1):
    - GoogleUtilities/Environment
    - GoogleUtilities/Logger
    - GoogleUtilities/Network
  - GoogleUtilities/Environment (6.5.1)
  - GoogleUtilities/Logger (6.5.1):
    - GoogleUtilities/Environment
  - GoogleUtilities/MethodSwizzler (6.5.1):
    - GoogleUtilities/Logger
  - GoogleUtilities/Network (6.5.1):
    - GoogleUtilities/Logger
    - "GoogleUtilities/NSData+zlib"
    - GoogleUtilities/Reachability
  - "GoogleUtilities/NSData+zlib (6.5.1)"
  - GoogleUtilities/Reachability (6.5.1):
    - GoogleUtilities/Logger
  - GoogleUtilities/UserDefaults (6.5.1):
    - GoogleUtilities/Logger
  - GTMAppAuth (1.0.0):
    - AppAuth/Core (~> 1.0)
    - GTMSessionFetcher (~> 1.1)
  - GTMSessionFetcher (1.3.1):
    - GTMSessionFetcher/Full (= 1.3.1)
  - GTMSessionFetcher/Core (1.3.1)
  - GTMSessionFetcher/Full (1.3.1):
    - GTMSessionFetcher/Core (= 1.3.1)
  - leveldb-library (1.22)
  - location (0.0.1):
    - Flutter
  - location_web (0.0.1):
    - Flutter
  - nanopb (0.3.9011):
    - nanopb/decode (= 0.3.9011)
    - nanopb/encode (= 0.3.9011)
  - nanopb/decode (0.3.9011)
  - nanopb/encode (0.3.9011)
  - notification_permissions (0.4.4):
    - Flutter
  - path_provider (0.0.1):
    - Flutter
  - path_provider_macos (0.0.1):
    - Flutter
  - PromisesObjC (1.2.8)
  - Protobuf (3.11.3)
  - rate_my_app (0.1):
    - Flutter
  - Reachability (3.2)
  - share (0.0.1):
    - Flutter
  - shared_preferences (0.0.1):
    - Flutter
  - shared_preferences_macos (0.0.1):
    - Flutter
  - shared_preferences_web (0.0.1):
    - Flutter
  - sqflite (0.0.1):
    - Flutter
    - FMDB (~> 2.7.2)
  - uni_links (0.0.1):
    - Flutter
  - url_launcher (0.0.1):
    - Flutter
  - url_launcher_macos (0.0.1):
    - Flutter
  - url_launcher_web (0.0.1):
    - Flutter
  - video_player (0.0.1):
    - Flutter
  - video_player_web (0.0.1):
    - Flutter
  - wakelock (0.0.1):
    - Flutter
  - webview_flutter (0.0.1):
    - Flutter

DEPENDENCIES:
  - app_settings (from `.symlinks/plugins/app_settings/ios`)
  - apple_sign_in (from `.symlinks/plugins/apple_sign_in/ios`)
  - connectivity (from `.symlinks/plugins/connectivity/ios`)
  - connectivity_macos (from `.symlinks/plugins/connectivity_macos/ios`)
  - facebook_audience_network (from `.symlinks/plugins/facebook_audience_network/ios`)
  - firebase_admob (from `.symlinks/plugins/firebase_admob/ios`)
  - firebase_analytics (from `.symlinks/plugins/firebase_analytics/ios`)
  - firebase_auth (from `.symlinks/plugins/firebase_auth/ios`)
  - firebase_auth_web (from `.symlinks/plugins/firebase_auth_web/ios`)
  - firebase_core (from `.symlinks/plugins/firebase_core/ios`)
  - firebase_core_web (from `.symlinks/plugins/firebase_core_web/ios`)
  - firebase_database (from `.symlinks/plugins/firebase_database/ios`)
  - firebase_messaging (from `.symlinks/plugins/firebase_messaging/ios`)
  - Flutter (from `Flutter`)
  - flutter_facebook_login (from `.symlinks/plugins/flutter_facebook_login/ios`)
  - flutter_keyboard_visibility (from `.symlinks/plugins/flutter_keyboard_visibility/ios`)
  - flutter_plugin_android_lifecycle (from `.symlinks/plugins/flutter_plugin_android_lifecycle/ios`)
  - flutter_statusbarcolor (from `.symlinks/plugins/flutter_statusbarcolor/ios`)
  - flutter_webview_plugin (from `.symlinks/plugins/flutter_webview_plugin/ios`)
  - google_maps_flutter (from `.symlinks/plugins/google_maps_flutter/ios`)
  - google_sign_in (from `.symlinks/plugins/google_sign_in/ios`)
  - google_sign_in_web (from `.symlinks/plugins/google_sign_in_web/ios`)
  - location (from `.symlinks/plugins/location/ios`)
  - location_web (from `.symlinks/plugins/location_web/ios`)
  - notification_permissions (from `.symlinks/plugins/notification_permissions/ios`)
  - path_provider (from `.symlinks/plugins/path_provider/ios`)
  - path_provider_macos (from `.symlinks/plugins/path_provider_macos/ios`)
  - rate_my_app (from `.symlinks/plugins/rate_my_app/ios`)
  - share (from `.symlinks/plugins/share/ios`)
  - shared_preferences (from `.symlinks/plugins/shared_preferences/ios`)
  - shared_preferences_macos (from `.symlinks/plugins/shared_preferences_macos/ios`)
  - shared_preferences_web (from `.symlinks/plugins/shared_preferences_web/ios`)
  - sqflite (from `.symlinks/plugins/sqflite/ios`)
  - uni_links (from `.symlinks/plugins/uni_links/ios`)
  - url_launcher (from `.symlinks/plugins/url_launcher/ios`)
  - url_launcher_macos (from `.symlinks/plugins/url_launcher_macos/ios`)
  - url_launcher_web (from `.symlinks/plugins/url_launcher_web/ios`)
  - video_player (from `.symlinks/plugins/video_player/ios`)
  - video_player_web (from `.symlinks/plugins/video_player_web/ios`)
  - wakelock (from `.symlinks/plugins/wakelock/ios`)
  - webview_flutter (from `.symlinks/plugins/webview_flutter/ios`)

SPEC REPOS:
  trunk:
    - AppAuth
    - FBSDKCoreKit
    - FBSDKLoginKit
    - Firebase
    - FirebaseAnalytics
    - FirebaseAnalyticsInterop
    - FirebaseAuth
    - FirebaseAuthInterop
    - FirebaseCore
    - FirebaseCoreDiagnostics
    - FirebaseCoreDiagnosticsInterop
    - FirebaseDatabase
    - FirebaseInstallations
    - FirebaseInstanceID
    - FirebaseMessaging
    - FMDB
    - Google-Mobile-Ads-SDK
    - GoogleAppMeasurement
    - GoogleDataTransport
    - GoogleDataTransportCCTSupport
    - GoogleMaps
    - GoogleSignIn
    - GoogleUtilities
    - GTMAppAuth
    - GTMSessionFetcher
    - leveldb-library
    - nanopb
    - PromisesObjC
    - Protobuf
    - Reachability

EXTERNAL SOURCES:
  app_settings:
    :path: ".symlinks/plugins/app_settings/ios"
  apple_sign_in:
    :path: ".symlinks/plugins/apple_sign_in/ios"
  connectivity:
    :path: ".symlinks/plugins/connectivity/ios"
  connectivity_macos:
    :path: ".symlinks/plugins/connectivity_macos/ios"
  facebook_audience_network:
    :path: ".symlinks/plugins/facebook_audience_network/ios"
  firebase_admob:
    :path: ".symlinks/plugins/firebase_admob/ios"
  firebase_analytics:
    :path: ".symlinks/plugins/firebase_analytics/ios"
  firebase_auth:
    :path: ".symlinks/plugins/firebase_auth/ios"
  firebase_auth_web:
    :path: ".symlinks/plugins/firebase_auth_web/ios"
  firebase_core:
    :path: ".symlinks/plugins/firebase_core/ios"
  firebase_core_web:
    :path: ".symlinks/plugins/firebase_core_web/ios"
  firebase_database:
    :path: ".symlinks/plugins/firebase_database/ios"
  firebase_messaging:
    :path: ".symlinks/plugins/firebase_messaging/ios"
  Flutter:
    :path: Flutter
  flutter_facebook_login:
    :path: ".symlinks/plugins/flutter_facebook_login/ios"
  flutter_keyboard_visibility:
    :path: ".symlinks/plugins/flutter_keyboard_visibility/ios"
  flutter_plugin_android_lifecycle:
    :path: ".symlinks/plugins/flutter_plugin_android_lifecycle/ios"
  flutter_statusbarcolor:
    :path: ".symlinks/plugins/flutter_statusbarcolor/ios"
  flutter_webview_plugin:
    :path: ".symlinks/plugins/flutter_webview_plugin/ios"
  google_maps_flutter:
    :path: ".symlinks/plugins/google_maps_flutter/ios"
  google_sign_in:
    :path: ".symlinks/plugins/google_sign_in/ios"
  google_sign_in_web:
    :path: ".symlinks/plugins/google_sign_in_web/ios"
  location:
    :path: ".symlinks/plugins/location/ios"
  location_web:
    :path: ".symlinks/plugins/location_web/ios"
  notification_permissions:
    :path: ".symlinks/plugins/notification_permissions/ios"
  path_provider:
    :path: ".symlinks/plugins/path_provider/ios"
  path_provider_macos:
    :path: ".symlinks/plugins/path_provider_macos/ios"
  rate_my_app:
    :path: ".symlinks/plugins/rate_my_app/ios"
  share:
    :path: ".symlinks/plugins/share/ios"
  shared_preferences:
    :path: ".symlinks/plugins/shared_preferences/ios"
  shared_preferences_macos:
    :path: ".symlinks/plugins/shared_preferences_macos/ios"
  shared_preferences_web:
    :path: ".symlinks/plugins/shared_preferences_web/ios"
  sqflite:
    :path: ".symlinks/plugins/sqflite/ios"
  uni_links:
    :path: ".symlinks/plugins/uni_links/ios"
  url_launcher:
    :path: ".symlinks/plugins/url_launcher/ios"
  url_launcher_macos:
    :path: ".symlinks/plugins/url_launcher_macos/ios"
  url_launcher_web:
    :path: ".symlinks/plugins/url_launcher_web/ios"
  video_player:
    :path: ".symlinks/plugins/video_player/ios"
  video_player_web:
    :path: ".symlinks/plugins/video_player_web/ios"
  wakelock:
    :path: ".symlinks/plugins/wakelock/ios"
  webview_flutter:
    :path: ".symlinks/plugins/webview_flutter/ios"

SPEC CHECKSUMS:
  app_settings: d103828c9f5d515c4df9ee754dabd443f7cedcf3
  AppAuth: 73574f3013a1e65b9601a3ddc8b3158cce68c09d
  apple_sign_in: 7716c7ddfa195aeab7dec0dc374ef4ff45d1adb4
  connectivity: c4130b2985d4ef6fd26f9702e886bd5260681467
  connectivity_macos: e2e9731b6b22dda39eb1b128f6969d574460e191
  facebook_audience_network: 095e4e696f507ca33b1ecf9c28475c5e62f03f0d
  FBSDKCoreKit: 1d5acf7c9d7a2f92bb1a242dc60cae5b7adb91df
  FBSDKLoginKit: f1ea8026a58b52d30c9f2e6a58ca7d813619fb83
  Firebase: 497158b816d0a86fc31babbd05546fcd7e6083ff
  firebase_admob: d8c2bc95b5e0069406280ce6adb816cdee6aa595
  firebase_analytics: dacdcfc524d722fff13dcff942f0dfa47e6be567
  firebase_auth: 6838289663da45c488af0a82c246928588fcddc5
  firebase_auth_web: 0955c07bcc06e84af76b9d4e32e6f31518f2d7de
  firebase_core: dc539d4bdc69894823e4a6e557034a9e48960f21
  firebase_core_web: d501d8b946b60c8af265428ce483b0fff5ad52d1
  firebase_database: ba12319259e324c8e52e5e4efc8c6f3d33da1ee3
  firebase_messaging: cffb57ce40958c6204f03fb0c81713e4cd1e240c
  FirebaseAnalytics: cf95d3aab897612783020fbd98401d5366f135ee
  FirebaseAnalyticsInterop: 3f86269c38ae41f47afeb43ebf32a001f58fcdae
  FirebaseAuth: 5ce2b03a3d7fe56b7a6e4c5ec7ff1522890b1d6f
  FirebaseAuthInterop: 0ffa57668be100582bb7643d4fcb7615496c41fc
  FirebaseCore: 85064903ed6c28e47fec9c7bd149d94ba1b6b6e7
  FirebaseCoreDiagnostics: 5e78803ab276bc5b50340e3c539c06c3de35c649
  FirebaseCoreDiagnosticsInterop: 296e2c5f5314500a850ad0b83e9e7c10b011a850
  FirebaseDatabase: 0144e0706a4761f1b0e8679572eba8095ddb59be
  FirebaseInstallations: 575cd32f2aec0feeb0e44f5d0110a09e5e60b47b
  FirebaseInstanceID: 7ee0d6777013bb952f377b41965bf132b6a075be
  FirebaseMessaging: 448cf4c727f3c95f4f90816907d67306ba785cfe
  Flutter: 0e3d915762c693b495b44d77113d4970485de6ec
  flutter_facebook_login: cfb5659f686b1c575ef205c6b6fd20db9679d3c4
  flutter_keyboard_visibility: 6195387fb6d8f46e5cd6dda4a4154e41f800f545
  flutter_plugin_android_lifecycle: dc0b544e129eebb77a6bfb1239d4d1c673a60a35
  flutter_statusbarcolor: 8afb1071ed8c58be929f1e32b36c629771fd2259
  flutter_webview_plugin: ed9e8a6a96baf0c867e90e1bce2673913eeac694
  FMDB: 2ce00b547f966261cd18927a3ddb07cb6f3db82a
  Google-Mobile-Ads-SDK: 09d1c182f144b456fce626f9234ab4d35397ea10
  google_maps_flutter: df4e7de95264aa0a2f11aac0fc7e313acb8ffc7e
  google_sign_in: 6bd214b9c154f881422f5fe27b66aaa7bbd580cc
  google_sign_in_web: 52deb24929ac0992baff65c57956031c44ed44c3
  GoogleAppMeasurement: d0560d915abf15e692e8538ba1d58442217b6aff
  GoogleDataTransport: 0048df6388dab1c254799f2a30365b1dffe20422
  GoogleDataTransportCCTSupport: f880d70972efa2ed1be4e9173a0f4c5f3dc2d176
  GoogleMaps: 55da829c68aa931f3ae982b9e341cc2f3d89c587
  GoogleSignIn: 7137d297ddc022a7e0aa4619c86d72c909fa7213
  GoogleUtilities: 06eb53bb579efe7099152735900dd04bf09e7275
  GTMAppAuth: 4deac854479704f348309e7b66189e604cf5e01e
  GTMSessionFetcher: cea130bbfe5a7edc8d06d3f0d17288c32ffe9925
  leveldb-library: 55d93ee664b4007aac644a782d11da33fba316f7
  location: 3a2eed4dd2fab25e7b7baf2a9efefe82b512d740
  location_web: b94e7433cfe28c0f7c8923c2ee482824b32e55a7
  nanopb: 18003b5e52dab79db540fe93fe9579f399bd1ccd
  notification_permissions: b74860c2967c1579243a675e63cd55e0ae75cef7
  path_provider: abfe2b5c733d04e238b0d8691db0cfd63a27a93c
  path_provider_macos: f760a3c5b04357c380e2fddb6f9db6f3015897e0
  PromisesObjC: c119f3cd559f50b7ae681fa59dc1acd19173b7e6
  Protobuf: 0e94afe3b47cb11876eb6aee296638711a24bf75
  rate_my_app: 45513a2f4d9a55b7b46d19b64fc13882fd101157
  Reachability: 33e18b67625424e47b6cde6d202dce689ad7af96
  share: 0b2c3e82132f5888bccca3351c504d0003b3b410
  shared_preferences: af6bfa751691cdc24be3045c43ec037377ada40d
  shared_preferences_macos: f3f29b71ccbb56bf40c9dd6396c9acf15e214087
  shared_preferences_web: 141cce0c3ed1a1c5bf2a0e44f52d31eeb66e5ea9
  sqflite: 4001a31ff81d210346b500c55b17f4d6c7589dd0
  uni_links: d97da20c7701486ba192624d99bffaaffcfc298a
  url_launcher: 6fef411d543ceb26efce54b05a0a40bfd74cbbef
  url_launcher_macos: fd7894421cd39320dce5f292fc99ea9270b2a313
  url_launcher_web: e5527357f037c87560776e36436bf2b0288b965c
  video_player: 9cc823b1d9da7e8427ee591e8438bfbcde500e6e
  video_player_web: da8cadb8274ed4f8dbee8d7171b420dedd437ce7
  wakelock: 0d4a70faf8950410735e3f61fb15d517c8a6efc4
  webview_flutter: d2b4d6c66968ad042ad94cbb791f5b72b4678a96

PODFILE CHECKSUM: c34e2287a9ccaa606aeceab922830efb9a6ff69a

COCOAPODS: 1.9.1
